
Microsoft Visual Studio Solution File, Format Version 12.00
# Visual Studio Version 17
VisualStudioVersion = 17.3.32819.101
MinimumVisualStudioVersion = 10.0.40219.1
Project("{FAE04EC0-301F-11D3-BF4B-00C04F79EFBC}") = "ProjectManagement", "ProjectManagement\ProjectManagement.csproj", "{1CE56AAC-2A4C-43F2-9ABD-D2BFCF03203F}"
EndProject
Global
	GlobalSection(SolutionConfigurationPlatforms) = preSolution
		Debug|Any CPU = Debug|Any CPU
		Release|Any CPU = Release|Any CPU
	EndGlobalSection
	GlobalSection(ProjectConfigurationPlatforms) = postSolution
		{1CE56AAC-2A4C-43F2-9ABD-D2BFCF03203F}.Debug|Any CPU.ActiveCfg = Debug|Any CPU
		{1CE56AAC-2A4C-43F2-9ABD-D2BFCF03203F}.Debug|Any CPU.Build.0 = Debug|Any CPU
		{1CE56AAC-2A4C-43F2-9ABD-D2BFCF03203F}.Release|Any CPU.ActiveCfg = Release|Any CPU
		{1CE56AAC-2A4C-43F2-9ABD-D2BFCF03203F}.Release|Any CPU.Build.0 = Release|Any CPU
	EndGlobalSection
	GlobalSection(SolutionProperties) = preSolution
		HideSolutionNode = FALSE
	EndGlobalSection
	GlobalSection(ExtensibilityGlobals) = postSolution
		SolutionGuid = {3CD81B93-0B93-481D-B1DA-5F64312B8280}
	EndGlobalSection
EndGlobal
